
Microsoft Visual Studio Solution File, Format Version 12.00
# Visual Studio 2013
VisualStudioVersion = 12.0.31101.0
MinimumVisualStudioVersion = 10.0.40219.1
Project("{FAE04EC0-301F-11D3-BF4B-00C04F79EFBC}") = "ProjetoCompiladores.Principal", "ProjetoCompiladores.Principal\ProjetoCompiladores.Principal.csproj", "{50986A3D-DD5B-4885-B5D8-4B387E87B888}"
EndProject
Project("{FAE04EC0-301F-11D3-BF4B-00C04F79EFBC}") = "ProjetoCompiladores.UI", "ProjetoCompiladores.UI\ProjetoCompiladores.UI.csproj", "{67DFAA89-DD81-4A54-ACE3-9DB9B006AF3B}"
EndProject
Global
	GlobalSection(SolutionConfigurationPlatforms) = preSolution
		Debug|Any CPU = Debug|Any CPU
		Release|Any CPU = Release|Any CPU
	EndGlobalSection
	GlobalSection(ProjectConfigurationPlatforms) = postSolution
		{50986A3D-DD5B-4885-B5D8-4B387E87B888}.Debug|Any CPU.ActiveCfg = Debug|Any CPU
		{50986A3D-DD5B-4885-B5D8-4B387E87B888}.Debug|Any CPU.Build.0 = Debug|Any CPU
		{50986A3D-DD5B-4885-B5D8-4B387E87B888}.Release|Any CPU.ActiveCfg = Release|Any CPU
		{50986A3D-DD5B-4885-B5D8-4B387E87B888}.Release|Any CPU.Build.0 = Release|Any CPU
		{67DFAA89-DD81-4A54-ACE3-9DB9B006AF3B}.Debug|Any CPU.ActiveCfg = Debug|Any CPU
		{67DFAA89-DD81-4A54-ACE3-9DB9B006AF3B}.Debug|Any CPU.Build.0 = Debug|Any CPU
		{67DFAA89-DD81-4A54-ACE3-9DB9B006AF3B}.Release|Any CPU.ActiveCfg = Release|Any CPU
		{67DFAA89-DD81-4A54-ACE3-9DB9B006AF3B}.Release|Any CPU.Build.0 = Release|Any CPU
	EndGlobalSection
	GlobalSection(SolutionProperties) = preSolution
		HideSolutionNode = FALSE
	EndGlobalSection
EndGlobal
